
Microsoft Visual Studio Solution File, Format Version 12.00
# Visual Studio Version 17
VisualStudioVersion = 17.14.36221.1 d17.14
MinimumVisualStudioVersion = 10.0.40219.1
Project("{FAE04EC0-301F-11D3-BF4B-00C04F79EFBC}") = "EPSG.API", "EPSG.API\EPSG.API.csproj", "{CAE4D77D-806C-4E11-A880-B392F386CC3E}"
EndProject
Global
	GlobalSection(SolutionConfigurationPlatforms) = preSolution
		Debug|Any CPU = Debug|Any CPU
		Release|Any CPU = Release|Any CPU
	EndGlobalSection
	GlobalSection(ProjectConfigurationPlatforms) = postSolution
		{CAE4D77D-806C-4E11-A880-B392F386CC3E}.Debug|Any CPU.ActiveCfg = Debug|Any CPU
		{CAE4D77D-806C-4E11-A880-B392F386CC3E}.Debug|Any CPU.Build.0 = Debug|Any CPU
		{CAE4D77D-806C-4E11-A880-B392F386CC3E}.Release|Any CPU.ActiveCfg = Release|Any CPU
		{CAE4D77D-806C-4E11-A880-B392F386CC3E}.Release|Any CPU.Build.0 = Release|Any CPU
	EndGlobalSection
	GlobalSection(SolutionProperties) = preSolution
		HideSolutionNode = FALSE
	EndGlobalSection
	GlobalSection(ExtensibilityGlobals) = postSolution
		SolutionGuid = {8D4F2C0E-E517-4FBE-B353-B697F9FE40A2}
	EndGlobalSection
EndGlobal
